
Microsoft Visual Studio Solution File, Format Version 12.00
# Visual Studio Version 17
VisualStudioVersion = 17.4.33110.190
MinimumVisualStudioVersion = 10.0.40219.1
Project("{FAE04EC0-301F-11D3-BF4B-00C04F79EFBC}") = "Find Pivot Index", "Find Pivot Index\Find Pivot Index.csproj", "{B154EB1B-6DAC-480E-999E-DC0B8D26623C}"
EndProject
Global
	GlobalSection(SolutionConfigurationPlatforms) = preSolution
		Debug|Any CPU = Debug|Any CPU
		Release|Any CPU = Release|Any CPU
	EndGlobalSection
	GlobalSection(ProjectConfigurationPlatforms) = postSolution
		{B154EB1B-6DAC-480E-999E-DC0B8D26623C}.Debug|Any CPU.ActiveCfg = Debug|Any CPU
		{B154EB1B-6DAC-480E-999E-DC0B8D26623C}.Debug|Any CPU.Build.0 = Debug|Any CPU
		{B154EB1B-6DAC-480E-999E-DC0B8D26623C}.Release|Any CPU.ActiveCfg = Release|Any CPU
		{B154EB1B-6DAC-480E-999E-DC0B8D26623C}.Release|Any CPU.Build.0 = Release|Any CPU
	EndGlobalSection
	GlobalSection(SolutionProperties) = preSolution
		HideSolutionNode = FALSE
	EndGlobalSection
	GlobalSection(ExtensibilityGlobals) = postSolution
		SolutionGuid = {454495F0-3F8E-4060-85C2-34CA326CF199}
	EndGlobalSection
EndGlobal
